
Microsoft Visual Studio Solution File, Format Version 12.00
# Visual Studio Version 17
VisualStudioVersion = 17.11.35312.102
MinimumVisualStudioVersion = 10.0.40219.1
Project("{FAE04EC0-301F-11D3-BF4B-00C04F79EFBC}") = "lengthAssessment4", "lengthAssessment4.csproj", "{832ABE9E-EDEF-4A01-89ED-1BA00147137E}"
EndProject
Global
	GlobalSection(SolutionConfigurationPlatforms) = preSolution
		Debug|Any CPU = Debug|Any CPU
		Release|Any CPU = Release|Any CPU
	EndGlobalSection
	GlobalSection(ProjectConfigurationPlatforms) = postSolution
		{832ABE9E-EDEF-4A01-89ED-1BA00147137E}.Debug|Any CPU.ActiveCfg = Debug|Any CPU
		{832ABE9E-EDEF-4A01-89ED-1BA00147137E}.Debug|Any CPU.Build.0 = Debug|Any CPU
		{832ABE9E-EDEF-4A01-89ED-1BA00147137E}.Release|Any CPU.ActiveCfg = Release|Any CPU
		{832ABE9E-EDEF-4A01-89ED-1BA00147137E}.Release|Any CPU.Build.0 = Release|Any CPU
	EndGlobalSection
	GlobalSection(SolutionProperties) = preSolution
		HideSolutionNode = FALSE
	EndGlobalSection
	GlobalSection(ExtensibilityGlobals) = postSolution
		SolutionGuid = {48D1A1B2-CFEC-4A85-84BB-9593B87289B1}
	EndGlobalSection
EndGlobal
